{
  "requires": true,
  "lockfileVersion": 1,
  "dependencies": {
    "jquery": {
      "version": "3.3.1",
      "resolved": "https://repository.dev-abplatform.net/content/groups/js/jquery/-/jquery-3.3.1.tgz",
      "integrity": "sha512-Ubldcmxp5np52/ENotGxlLe6aGMvmF4R8S6tZjsP6Knsaxd/xp3Zrh50cG93lR6nPXyUFwzN3ZSOQI0wRJNdGg=="
    },
    "rxjs": {
      "version": "6.3.3",
      "resolved": "https://repository.dev-abplatform.net/content/groups/js/rxjs/-/rxjs-6.3.3.tgz",
      "integrity": "sha512-JTWmoY9tWCs7zvIk/CvRjhjGaOd+OVBM987mxFo+OW66cGpdKjZcpmc74ES1sB//7Kl/PAe8+wEakuhG4pcgOw==",
      "requires": {
        "tslib": "^1.9.0"
      }
    },
    "rxjs-signalr": {
      "version": "0.2.0",
      "resolved": "https://repository.dev-abplatform.net/content/groups/js/rxjs-signalr/-/rxjs-signalr-0.2.0.tgz",
      "integrity": "sha1-XK5XfEt+XWDOyuwaRj5f4MnL9Mg=",
      "requires": {
        "jquery": "~3.3.1",
        "rxjs": "^6.2.0",
        "signalr": "~2.3.0"
      }
    },
    "signalr": {
      "version": "2.3.0",
      "resolved": "https://repository.dev-abplatform.net/content/groups/js/signalr/-/signalr-2.3.0.tgz",
      "integrity": "sha512-NrvIGftLz3QVujdjCvaNso56ltTr1FowSR0DCIaSOJ3J4t5pTebTfnh2VT0HHIM3PJ/v15lukIL4y+8MMknqzg==",
      "requires": {
        "jquery": ">=1.6.4"
      }
    },
    "tslib": {
      "version": "1.9.3",
      "resolved": "https://repository.dev-abplatform.net/content/groups/js/tslib/-/tslib-1.9.3.tgz",
      "integrity": "sha512-4krF8scpejhaOgqzBEcGM7yDIEfi0/8+8zDRZhNZZ2kjmHJ4hv3zCbQWxoJGz1iw5U0Jl0nma13xzHXcncMavQ=="
    }
  }
}
