
Microsoft Visual Studio Solution File, Format Version 12.00
# Visual Studio 15
VisualStudioVersion = 15.0.27703.2035
MinimumVisualStudioVersion = 10.0.40219.1
Project("{9A19103F-16F7-4668-BE54-9A1E7A4F7556}") = "Paillave.Etl", "Paillave.Etl\Paillave.Etl.csproj", "{EFD00722-BE94-4001-838C-9F54F130B90D}"
EndProject
Project("{9A19103F-16F7-4668-BE54-9A1E7A4F7556}") = "SimpleQuickstart", "Samples\SimpleQuickstart\SimpleQuickstart.csproj", "{612E79C0-30C9-42BB-9826-7AEBA0339CA4}"
EndProject
Project("{9A19103F-16F7-4668-BE54-9A1E7A4F7556}") = "Paillave.EtlTests", "Paillave.EtlTests\Paillave.EtlTests.csproj", "{22475DD2-F449-4C7D-BD5A-647D0A8B7806}"
EndProject
Project("{9A19103F-16F7-4668-BE54-9A1E7A4F7556}") = "Paillave.Etl.EntityFrameworkCore", "Paillave.Etl.EntityFrameworkCore\Paillave.Etl.EntityFrameworkCore.csproj", "{517FD6DF-7BC1-4B3D-B1DD-88DEF0EEE509}"
EndProject
Project("{9A19103F-16F7-4668-BE54-9A1E7A4F7556}") = "Paillave.Etl.ExecutionPlan", "Paillave.Etl.ExecutionPlan\Paillave.Etl.ExecutionPlan.csproj", "{952F3CEB-7875-40FE-AC8E-54E9047E1C1E}"
EndProject
Project("{9A19103F-16F7-4668-BE54-9A1E7A4F7556}") = "Paillave.Etl.TextFile", "Paillave.Etl.TextFile\Paillave.Etl.TextFile.csproj", "{B8FF66C3-F9A7-4BEE-82FA-58286AADE27E}"
EndProject
Project("{9A19103F-16F7-4668-BE54-9A1E7A4F7556}") = "Paillave.Etl.TextFileTests", "Paillave.Etl.TextFileTests\Paillave.Etl.TextFileTests.csproj", "{2528E939-9E54-4130-AB4E-99E6CE6E6184}"
EndProject
Project("{9A19103F-16F7-4668-BE54-9A1E7A4F7556}") = "Paillave.Etl.ExcelFile", "Paillave.Etl.ExcelFile\Paillave.Etl.ExcelFile.csproj", "{04A4938D-803D-47A8-B62D-A664B7B36E01}"
EndProject
Project("{9A19103F-16F7-4668-BE54-9A1E7A4F7556}") = "ComplexQuickstart", "Samples\ComplexQuickstart\ComplexQuickstart.csproj", "{D47314BD-EE3C-4BAC-8631-CBD655081EC0}"
EndProject
Project("{9A19103F-16F7-4668-BE54-9A1E7A4F7556}") = "ExcelQuickstart", "Samples\ExcelQuickstart\ExcelQuickstart.csproj", "{74B8601D-A396-4159-A616-84928C9855FD}"
EndProject
Global
	GlobalSection(SolutionConfigurationPlatforms) = preSolution
		Debug|Any CPU = Debug|Any CPU
		Release|Any CPU = Release|Any CPU
	EndGlobalSection
	GlobalSection(ProjectConfigurationPlatforms) = postSolution
		{EFD00722-BE94-4001-838C-9F54F130B90D}.Debug|Any CPU.ActiveCfg = Debug|Any CPU
		{EFD00722-BE94-4001-838C-9F54F130B90D}.Debug|Any CPU.Build.0 = Debug|Any CPU
		{EFD00722-BE94-4001-838C-9F54F130B90D}.Release|Any CPU.ActiveCfg = Release|Any CPU
		{EFD00722-BE94-4001-838C-9F54F130B90D}.Release|Any CPU.Build.0 = Release|Any CPU
		{612E79C0-30C9-42BB-9826-7AEBA0339CA4}.Debug|Any CPU.ActiveCfg = Debug|Any CPU
		{612E79C0-30C9-42BB-9826-7AEBA0339CA4}.Debug|Any CPU.Build.0 = Debug|Any CPU
		{612E79C0-30C9-42BB-9826-7AEBA0339CA4}.Release|Any CPU.ActiveCfg = Release|Any CPU
		{612E79C0-30C9-42BB-9826-7AEBA0339CA4}.Release|Any CPU.Build.0 = Release|Any CPU
		{22475DD2-F449-4C7D-BD5A-647D0A8B7806}.Debug|Any CPU.ActiveCfg = Debug|Any CPU
		{22475DD2-F449-4C7D-BD5A-647D0A8B7806}.Debug|Any CPU.Build.0 = Debug|Any CPU
		{22475DD2-F449-4C7D-BD5A-647D0A8B7806}.Release|Any CPU.ActiveCfg = Release|Any CPU
		{22475DD2-F449-4C7D-BD5A-647D0A8B7806}.Release|Any CPU.Build.0 = Release|Any CPU
		{517FD6DF-7BC1-4B3D-B1DD-88DEF0EEE509}.Debug|Any CPU.ActiveCfg = Debug|Any CPU
		{517FD6DF-7BC1-4B3D-B1DD-88DEF0EEE509}.Debug|Any CPU.Build.0 = Debug|Any CPU
		{517FD6DF-7BC1-4B3D-B1DD-88DEF0EEE509}.Release|Any CPU.ActiveCfg = Release|Any CPU
		{517FD6DF-7BC1-4B3D-B1DD-88DEF0EEE509}.Release|Any CPU.Build.0 = Release|Any CPU
		{952F3CEB-7875-40FE-AC8E-54E9047E1C1E}.Debug|Any CPU.ActiveCfg = Debug|Any CPU
		{952F3CEB-7875-40FE-AC8E-54E9047E1C1E}.Debug|Any CPU.Build.0 = Debug|Any CPU
		{952F3CEB-7875-40FE-AC8E-54E9047E1C1E}.Release|Any CPU.ActiveCfg = Release|Any CPU
		{952F3CEB-7875-40FE-AC8E-54E9047E1C1E}.Release|Any CPU.Build.0 = Release|Any CPU
		{B8FF66C3-F9A7-4BEE-82FA-58286AADE27E}.Debug|Any CPU.ActiveCfg = Debug|Any CPU
		{B8FF66C3-F9A7-4BEE-82FA-58286AADE27E}.Debug|Any CPU.Build.0 = Debug|Any CPU
		{B8FF66C3-F9A7-4BEE-82FA-58286AADE27E}.Release|Any CPU.ActiveCfg = Release|Any CPU
		{B8FF66C3-F9A7-4BEE-82FA-58286AADE27E}.Release|Any CPU.Build.0 = Release|Any CPU
		{2528E939-9E54-4130-AB4E-99E6CE6E6184}.Debug|Any CPU.ActiveCfg = Debug|Any CPU
		{2528E939-9E54-4130-AB4E-99E6CE6E6184}.Debug|Any CPU.Build.0 = Debug|Any CPU
		{2528E939-9E54-4130-AB4E-99E6CE6E6184}.Release|Any CPU.ActiveCfg = Release|Any CPU
		{2528E939-9E54-4130-AB4E-99E6CE6E6184}.Release|Any CPU.Build.0 = Release|Any CPU
		{04A4938D-803D-47A8-B62D-A664B7B36E01}.Debug|Any CPU.ActiveCfg = Debug|Any CPU
		{04A4938D-803D-47A8-B62D-A664B7B36E01}.Debug|Any CPU.Build.0 = Debug|Any CPU
		{04A4938D-803D-47A8-B62D-A664B7B36E01}.Release|Any CPU.ActiveCfg = Release|Any CPU
		{04A4938D-803D-47A8-B62D-A664B7B36E01}.Release|Any CPU.Build.0 = Release|Any CPU
		{D47314BD-EE3C-4BAC-8631-CBD655081EC0}.Debug|Any CPU.ActiveCfg = Debug|Any CPU
		{D47314BD-EE3C-4BAC-8631-CBD655081EC0}.Debug|Any CPU.Build.0 = Debug|Any CPU
		{D47314BD-EE3C-4BAC-8631-CBD655081EC0}.Release|Any CPU.ActiveCfg = Release|Any CPU
		{D47314BD-EE3C-4BAC-8631-CBD655081EC0}.Release|Any CPU.Build.0 = Release|Any CPU
		{74B8601D-A396-4159-A616-84928C9855FD}.Debug|Any CPU.ActiveCfg = Debug|Any CPU
		{74B8601D-A396-4159-A616-84928C9855FD}.Debug|Any CPU.Build.0 = Debug|Any CPU
		{74B8601D-A396-4159-A616-84928C9855FD}.Release|Any CPU.ActiveCfg = Release|Any CPU
		{74B8601D-A396-4159-A616-84928C9855FD}.Release|Any CPU.Build.0 = Release|Any CPU
	EndGlobalSection
	GlobalSection(SolutionProperties) = preSolution
		HideSolutionNode = FALSE
	EndGlobalSection
	GlobalSection(ExtensibilityGlobals) = postSolution
		SolutionGuid = {380A708A-BE28-4FCE-9848-B48E05B98A48}
	EndGlobalSection
EndGlobal
