
Microsoft Visual Studio Solution File, Format Version 12.00
# Visual Studio 15
VisualStudioVersion = 15.0.26124.0
MinimumVisualStudioVersion = 15.0.26124.0
Project("{FAE04EC0-301F-11D3-BF4B-00C04F79EFBC}") = "Paillave.Etl", "Paillave.Etl\Paillave.Etl.csproj", "{3D8C1E7B-CE02-4120-8F9E-FF3869645E27}"
EndProject
Project("{FAE04EC0-301F-11D3-BF4B-00C04F79EFBC}") = "Paillave.Etl.EntityFrameworkCore", "Paillave.Etl.EntityFrameworkCore\Paillave.Etl.EntityFrameworkCore.csproj", "{46CEEF00-633E-41B3-A473-766917BEF723}"
EndProject
Project("{FAE04EC0-301F-11D3-BF4B-00C04F79EFBC}") = "Paillave.Etl.TextFile", "Paillave.Etl.TextFile\Paillave.Etl.TextFile.csproj", "{98C38DC0-61BD-4D9D-98FF-4E5C30E0B05F}"
EndProject
Project("{FAE04EC0-301F-11D3-BF4B-00C04F79EFBC}") = "Paillave.Etl.XmlFile", "Paillave.Etl.XmlFile\Paillave.Etl.XmlFile.csproj", "{1DE438A4-1ECF-4C7E-8ACD-F77A593E8832}"
EndProject
Project("{FAE04EC0-301F-11D3-BF4B-00C04F79EFBC}") = "Paillave.Etl.ExcelFile", "Paillave.Etl.ExcelFile\Paillave.Etl.ExcelFile.csproj", "{10931DC9-D068-4286-9577-E4D6CCECAC8F}"
EndProject
Project("{FAE04EC0-301F-11D3-BF4B-00C04F79EFBC}") = "Paillave.EntityFrameworkCoreExtension", "Paillave.EntityFrameworkCoreExtension\Paillave.EntityFrameworkCoreExtension.csproj", "{B1D7BA52-0A01-418E-8EB2-FC51E8BEA558}"
EndProject
Project("{FAE04EC0-301F-11D3-BF4B-00C04F79EFBC}") = "Paillave.Etl.Ftp", "Paillave.Etl.Ftp\Paillave.Etl.Ftp.csproj", "{A0E143D9-0468-4DB9-929B-97D00001E779}"
EndProject
Project("{FAE04EC0-301F-11D3-BF4B-00C04F79EFBC}") = "Paillave.Etl.Sftp", "Paillave.Etl.Sftp\Paillave.Etl.Sftp.csproj", "{ED8C367D-AEFD-4AF7-9B27-157EDCF9E87A}"
EndProject
Project("{FAE04EC0-301F-11D3-BF4B-00C04F79EFBC}") = "Paillave.Etl.FileSystem", "Paillave.Etl.FileSystem\Paillave.Etl.FileSystem.csproj", "{5F41E12B-8B32-447C-98E6-8382020EBFCD}"
EndProject
Project("{FAE04EC0-301F-11D3-BF4B-00C04F79EFBC}") = "Paillave.Etl.FromConfigurationConnectors", "Paillave.Etl.FromConfigurationConnectors\Paillave.Etl.FromConfigurationConnectors.csproj", "{F96D7C02-A0DD-4FAF-8A1C-98CA550E1841}"
EndProject
Project("{FAE04EC0-301F-11D3-BF4B-00C04F79EFBC}") = "Paillave.Etl.Mail", "Paillave.Etl.Mail\Paillave.Etl.Mail.csproj", "{43AD98CF-4220-4A88-953C-D3322B93599B}"
EndProject
Project("{FAE04EC0-301F-11D3-BF4B-00C04F79EFBC}") = "Paillave.Etl.Autofac", "Paillave.Etl.Autofac\Paillave.Etl.Autofac.csproj", "{8C5BB7A4-025C-4CA0-9A94-9DAA5F35443C}"
EndProject
Project("{FAE04EC0-301F-11D3-BF4B-00C04F79EFBC}") = "Paillave.Etl.Samples", "Paillave.Etl.Samples\Paillave.Etl.Samples.csproj", "{D4F4EF5F-A760-43CF-BDA2-673266AEA225}"
EndProject
Project("{FAE04EC0-301F-11D3-BF4B-00C04F79EFBC}") = "Paillave.Etl.ExecutionToolkit", "Paillave.Etl.ExecutionToolkit\Paillave.Etl.ExecutionToolkit.csproj", "{43CCC8DC-25DF-4D01-83B5-7B4E697CDB8D}"
EndProject
Project("{FAE04EC0-301F-11D3-BF4B-00C04F79EFBC}") = "Paillave.Etl.Zip", "Paillave.Etl.Zip\Paillave.Etl.Zip.csproj", "{8F7C3193-EAD6-4FD1-B9DF-07DF19E5A5CD}"
EndProject
Project("{FAE04EC0-301F-11D3-BF4B-00C04F79EFBC}") = "Paillave.Etl.SqlServer", "Paillave.Etl.SqlServer\Paillave.Etl.SqlServer.csproj", "{1FB73BF3-529E-4CC8-A1C7-DA3D422BC656}"
EndProject
Project("{FAE04EC0-301F-11D3-BF4B-00C04F79EFBC}") = "Paillave.Etl.Dropbox", "Paillave.Etl.Dropbox\Paillave.Etl.Dropbox.csproj", "{0BE639A1-6CE1-4BDF-A26B-BEB130F44C11}"
EndProject
Global
	GlobalSection(SolutionConfigurationPlatforms) = preSolution
		Debug|Any CPU = Debug|Any CPU
		Debug|x64 = Debug|x64
		Debug|x86 = Debug|x86
		Release|Any CPU = Release|Any CPU
		Release|x64 = Release|x64
		Release|x86 = Release|x86
	EndGlobalSection
	GlobalSection(ProjectConfigurationPlatforms) = postSolution
		{3D8C1E7B-CE02-4120-8F9E-FF3869645E27}.Debug|Any CPU.ActiveCfg = Debug|Any CPU
		{3D8C1E7B-CE02-4120-8F9E-FF3869645E27}.Debug|Any CPU.Build.0 = Debug|Any CPU
		{3D8C1E7B-CE02-4120-8F9E-FF3869645E27}.Debug|x64.ActiveCfg = Debug|Any CPU
		{3D8C1E7B-CE02-4120-8F9E-FF3869645E27}.Debug|x64.Build.0 = Debug|Any CPU
		{3D8C1E7B-CE02-4120-8F9E-FF3869645E27}.Debug|x86.ActiveCfg = Debug|Any CPU
		{3D8C1E7B-CE02-4120-8F9E-FF3869645E27}.Debug|x86.Build.0 = Debug|Any CPU
		{3D8C1E7B-CE02-4120-8F9E-FF3869645E27}.Release|Any CPU.ActiveCfg = Release|Any CPU
		{3D8C1E7B-CE02-4120-8F9E-FF3869645E27}.Release|Any CPU.Build.0 = Release|Any CPU
		{3D8C1E7B-CE02-4120-8F9E-FF3869645E27}.Release|x64.ActiveCfg = Release|Any CPU
		{3D8C1E7B-CE02-4120-8F9E-FF3869645E27}.Release|x64.Build.0 = Release|Any CPU
		{3D8C1E7B-CE02-4120-8F9E-FF3869645E27}.Release|x86.ActiveCfg = Release|Any CPU
		{3D8C1E7B-CE02-4120-8F9E-FF3869645E27}.Release|x86.Build.0 = Release|Any CPU
		{46CEEF00-633E-41B3-A473-766917BEF723}.Debug|Any CPU.ActiveCfg = Debug|Any CPU
		{46CEEF00-633E-41B3-A473-766917BEF723}.Debug|Any CPU.Build.0 = Debug|Any CPU
		{46CEEF00-633E-41B3-A473-766917BEF723}.Debug|x64.ActiveCfg = Debug|Any CPU
		{46CEEF00-633E-41B3-A473-766917BEF723}.Debug|x64.Build.0 = Debug|Any CPU
		{46CEEF00-633E-41B3-A473-766917BEF723}.Debug|x86.ActiveCfg = Debug|Any CPU
		{46CEEF00-633E-41B3-A473-766917BEF723}.Debug|x86.Build.0 = Debug|Any CPU
		{46CEEF00-633E-41B3-A473-766917BEF723}.Release|Any CPU.ActiveCfg = Release|Any CPU
		{46CEEF00-633E-41B3-A473-766917BEF723}.Release|Any CPU.Build.0 = Release|Any CPU
		{46CEEF00-633E-41B3-A473-766917BEF723}.Release|x64.ActiveCfg = Release|Any CPU
		{46CEEF00-633E-41B3-A473-766917BEF723}.Release|x64.Build.0 = Release|Any CPU
		{46CEEF00-633E-41B3-A473-766917BEF723}.Release|x86.ActiveCfg = Release|Any CPU
		{46CEEF00-633E-41B3-A473-766917BEF723}.Release|x86.Build.0 = Release|Any CPU
		{98C38DC0-61BD-4D9D-98FF-4E5C30E0B05F}.Debug|Any CPU.ActiveCfg = Debug|Any CPU
		{98C38DC0-61BD-4D9D-98FF-4E5C30E0B05F}.Debug|Any CPU.Build.0 = Debug|Any CPU
		{98C38DC0-61BD-4D9D-98FF-4E5C30E0B05F}.Debug|x64.ActiveCfg = Debug|Any CPU
		{98C38DC0-61BD-4D9D-98FF-4E5C30E0B05F}.Debug|x64.Build.0 = Debug|Any CPU
		{98C38DC0-61BD-4D9D-98FF-4E5C30E0B05F}.Debug|x86.ActiveCfg = Debug|Any CPU
		{98C38DC0-61BD-4D9D-98FF-4E5C30E0B05F}.Debug|x86.Build.0 = Debug|Any CPU
		{98C38DC0-61BD-4D9D-98FF-4E5C30E0B05F}.Release|Any CPU.ActiveCfg = Release|Any CPU
		{98C38DC0-61BD-4D9D-98FF-4E5C30E0B05F}.Release|Any CPU.Build.0 = Release|Any CPU
		{98C38DC0-61BD-4D9D-98FF-4E5C30E0B05F}.Release|x64.ActiveCfg = Release|Any CPU
		{98C38DC0-61BD-4D9D-98FF-4E5C30E0B05F}.Release|x64.Build.0 = Release|Any CPU
		{98C38DC0-61BD-4D9D-98FF-4E5C30E0B05F}.Release|x86.ActiveCfg = Release|Any CPU
		{98C38DC0-61BD-4D9D-98FF-4E5C30E0B05F}.Release|x86.Build.0 = Release|Any CPU
		{1DE438A4-1ECF-4C7E-8ACD-F77A593E8832}.Debug|Any CPU.ActiveCfg = Debug|Any CPU
		{1DE438A4-1ECF-4C7E-8ACD-F77A593E8832}.Debug|Any CPU.Build.0 = Debug|Any CPU
		{1DE438A4-1ECF-4C7E-8ACD-F77A593E8832}.Debug|x64.ActiveCfg = Debug|Any CPU
		{1DE438A4-1ECF-4C7E-8ACD-F77A593E8832}.Debug|x64.Build.0 = Debug|Any CPU
		{1DE438A4-1ECF-4C7E-8ACD-F77A593E8832}.Debug|x86.ActiveCfg = Debug|Any CPU
		{1DE438A4-1ECF-4C7E-8ACD-F77A593E8832}.Debug|x86.Build.0 = Debug|Any CPU
		{1DE438A4-1ECF-4C7E-8ACD-F77A593E8832}.Release|Any CPU.ActiveCfg = Release|Any CPU
		{1DE438A4-1ECF-4C7E-8ACD-F77A593E8832}.Release|Any CPU.Build.0 = Release|Any CPU
		{1DE438A4-1ECF-4C7E-8ACD-F77A593E8832}.Release|x64.ActiveCfg = Release|Any CPU
		{1DE438A4-1ECF-4C7E-8ACD-F77A593E8832}.Release|x64.Build.0 = Release|Any CPU
		{1DE438A4-1ECF-4C7E-8ACD-F77A593E8832}.Release|x86.ActiveCfg = Release|Any CPU
		{1DE438A4-1ECF-4C7E-8ACD-F77A593E8832}.Release|x86.Build.0 = Release|Any CPU
		{10931DC9-D068-4286-9577-E4D6CCECAC8F}.Debug|Any CPU.ActiveCfg = Debug|Any CPU
		{10931DC9-D068-4286-9577-E4D6CCECAC8F}.Debug|Any CPU.Build.0 = Debug|Any CPU
		{10931DC9-D068-4286-9577-E4D6CCECAC8F}.Debug|x64.ActiveCfg = Debug|Any CPU
		{10931DC9-D068-4286-9577-E4D6CCECAC8F}.Debug|x64.Build.0 = Debug|Any CPU
		{10931DC9-D068-4286-9577-E4D6CCECAC8F}.Debug|x86.ActiveCfg = Debug|Any CPU
		{10931DC9-D068-4286-9577-E4D6CCECAC8F}.Debug|x86.Build.0 = Debug|Any CPU
		{10931DC9-D068-4286-9577-E4D6CCECAC8F}.Release|Any CPU.ActiveCfg = Release|Any CPU
		{10931DC9-D068-4286-9577-E4D6CCECAC8F}.Release|Any CPU.Build.0 = Release|Any CPU
		{10931DC9-D068-4286-9577-E4D6CCECAC8F}.Release|x64.ActiveCfg = Release|Any CPU
		{10931DC9-D068-4286-9577-E4D6CCECAC8F}.Release|x64.Build.0 = Release|Any CPU
		{10931DC9-D068-4286-9577-E4D6CCECAC8F}.Release|x86.ActiveCfg = Release|Any CPU
		{10931DC9-D068-4286-9577-E4D6CCECAC8F}.Release|x86.Build.0 = Release|Any CPU
		{B1D7BA52-0A01-418E-8EB2-FC51E8BEA558}.Debug|Any CPU.ActiveCfg = Debug|Any CPU
		{B1D7BA52-0A01-418E-8EB2-FC51E8BEA558}.Debug|Any CPU.Build.0 = Debug|Any CPU
		{B1D7BA52-0A01-418E-8EB2-FC51E8BEA558}.Debug|x64.ActiveCfg = Debug|Any CPU
		{B1D7BA52-0A01-418E-8EB2-FC51E8BEA558}.Debug|x64.Build.0 = Debug|Any CPU
		{B1D7BA52-0A01-418E-8EB2-FC51E8BEA558}.Debug|x86.ActiveCfg = Debug|Any CPU
		{B1D7BA52-0A01-418E-8EB2-FC51E8BEA558}.Debug|x86.Build.0 = Debug|Any CPU
		{B1D7BA52-0A01-418E-8EB2-FC51E8BEA558}.Release|Any CPU.ActiveCfg = Release|Any CPU
		{B1D7BA52-0A01-418E-8EB2-FC51E8BEA558}.Release|Any CPU.Build.0 = Release|Any CPU
		{B1D7BA52-0A01-418E-8EB2-FC51E8BEA558}.Release|x64.ActiveCfg = Release|Any CPU
		{B1D7BA52-0A01-418E-8EB2-FC51E8BEA558}.Release|x64.Build.0 = Release|Any CPU
		{B1D7BA52-0A01-418E-8EB2-FC51E8BEA558}.Release|x86.ActiveCfg = Release|Any CPU
		{B1D7BA52-0A01-418E-8EB2-FC51E8BEA558}.Release|x86.Build.0 = Release|Any CPU
		{A0E143D9-0468-4DB9-929B-97D00001E779}.Debug|Any CPU.ActiveCfg = Debug|Any CPU
		{A0E143D9-0468-4DB9-929B-97D00001E779}.Debug|Any CPU.Build.0 = Debug|Any CPU
		{A0E143D9-0468-4DB9-929B-97D00001E779}.Debug|x64.ActiveCfg = Debug|Any CPU
		{A0E143D9-0468-4DB9-929B-97D00001E779}.Debug|x64.Build.0 = Debug|Any CPU
		{A0E143D9-0468-4DB9-929B-97D00001E779}.Debug|x86.ActiveCfg = Debug|Any CPU
		{A0E143D9-0468-4DB9-929B-97D00001E779}.Debug|x86.Build.0 = Debug|Any CPU
		{A0E143D9-0468-4DB9-929B-97D00001E779}.Release|Any CPU.ActiveCfg = Release|Any CPU
		{A0E143D9-0468-4DB9-929B-97D00001E779}.Release|Any CPU.Build.0 = Release|Any CPU
		{A0E143D9-0468-4DB9-929B-97D00001E779}.Release|x64.ActiveCfg = Release|Any CPU
		{A0E143D9-0468-4DB9-929B-97D00001E779}.Release|x64.Build.0 = Release|Any CPU
		{A0E143D9-0468-4DB9-929B-97D00001E779}.Release|x86.ActiveCfg = Release|Any CPU
		{A0E143D9-0468-4DB9-929B-97D00001E779}.Release|x86.Build.0 = Release|Any CPU
		{ED8C367D-AEFD-4AF7-9B27-157EDCF9E87A}.Debug|Any CPU.ActiveCfg = Debug|Any CPU
		{ED8C367D-AEFD-4AF7-9B27-157EDCF9E87A}.Debug|Any CPU.Build.0 = Debug|Any CPU
		{ED8C367D-AEFD-4AF7-9B27-157EDCF9E87A}.Debug|x64.ActiveCfg = Debug|Any CPU
		{ED8C367D-AEFD-4AF7-9B27-157EDCF9E87A}.Debug|x64.Build.0 = Debug|Any CPU
		{ED8C367D-AEFD-4AF7-9B27-157EDCF9E87A}.Debug|x86.ActiveCfg = Debug|Any CPU
		{ED8C367D-AEFD-4AF7-9B27-157EDCF9E87A}.Debug|x86.Build.0 = Debug|Any CPU
		{ED8C367D-AEFD-4AF7-9B27-157EDCF9E87A}.Release|Any CPU.ActiveCfg = Release|Any CPU
		{ED8C367D-AEFD-4AF7-9B27-157EDCF9E87A}.Release|Any CPU.Build.0 = Release|Any CPU
		{ED8C367D-AEFD-4AF7-9B27-157EDCF9E87A}.Release|x64.ActiveCfg = Release|Any CPU
		{ED8C367D-AEFD-4AF7-9B27-157EDCF9E87A}.Release|x64.Build.0 = Release|Any CPU
		{ED8C367D-AEFD-4AF7-9B27-157EDCF9E87A}.Release|x86.ActiveCfg = Release|Any CPU
		{ED8C367D-AEFD-4AF7-9B27-157EDCF9E87A}.Release|x86.Build.0 = Release|Any CPU
		{5F41E12B-8B32-447C-98E6-8382020EBFCD}.Debug|Any CPU.ActiveCfg = Debug|Any CPU
		{5F41E12B-8B32-447C-98E6-8382020EBFCD}.Debug|Any CPU.Build.0 = Debug|Any CPU
		{5F41E12B-8B32-447C-98E6-8382020EBFCD}.Debug|x64.ActiveCfg = Debug|Any CPU
		{5F41E12B-8B32-447C-98E6-8382020EBFCD}.Debug|x64.Build.0 = Debug|Any CPU
		{5F41E12B-8B32-447C-98E6-8382020EBFCD}.Debug|x86.ActiveCfg = Debug|Any CPU
		{5F41E12B-8B32-447C-98E6-8382020EBFCD}.Debug|x86.Build.0 = Debug|Any CPU
		{5F41E12B-8B32-447C-98E6-8382020EBFCD}.Release|Any CPU.ActiveCfg = Release|Any CPU
		{5F41E12B-8B32-447C-98E6-8382020EBFCD}.Release|Any CPU.Build.0 = Release|Any CPU
		{5F41E12B-8B32-447C-98E6-8382020EBFCD}.Release|x64.ActiveCfg = Release|Any CPU
		{5F41E12B-8B32-447C-98E6-8382020EBFCD}.Release|x64.Build.0 = Release|Any CPU
		{5F41E12B-8B32-447C-98E6-8382020EBFCD}.Release|x86.ActiveCfg = Release|Any CPU
		{5F41E12B-8B32-447C-98E6-8382020EBFCD}.Release|x86.Build.0 = Release|Any CPU
		{F96D7C02-A0DD-4FAF-8A1C-98CA550E1841}.Debug|Any CPU.ActiveCfg = Debug|Any CPU
		{F96D7C02-A0DD-4FAF-8A1C-98CA550E1841}.Debug|Any CPU.Build.0 = Debug|Any CPU
		{F96D7C02-A0DD-4FAF-8A1C-98CA550E1841}.Debug|x64.ActiveCfg = Debug|Any CPU
		{F96D7C02-A0DD-4FAF-8A1C-98CA550E1841}.Debug|x64.Build.0 = Debug|Any CPU
		{F96D7C02-A0DD-4FAF-8A1C-98CA550E1841}.Debug|x86.ActiveCfg = Debug|Any CPU
		{F96D7C02-A0DD-4FAF-8A1C-98CA550E1841}.Debug|x86.Build.0 = Debug|Any CPU
		{F96D7C02-A0DD-4FAF-8A1C-98CA550E1841}.Release|Any CPU.ActiveCfg = Release|Any CPU
		{F96D7C02-A0DD-4FAF-8A1C-98CA550E1841}.Release|Any CPU.Build.0 = Release|Any CPU
		{F96D7C02-A0DD-4FAF-8A1C-98CA550E1841}.Release|x64.ActiveCfg = Release|Any CPU
		{F96D7C02-A0DD-4FAF-8A1C-98CA550E1841}.Release|x64.Build.0 = Release|Any CPU
		{F96D7C02-A0DD-4FAF-8A1C-98CA550E1841}.Release|x86.ActiveCfg = Release|Any CPU
		{F96D7C02-A0DD-4FAF-8A1C-98CA550E1841}.Release|x86.Build.0 = Release|Any CPU
		{43AD98CF-4220-4A88-953C-D3322B93599B}.Debug|Any CPU.ActiveCfg = Debug|Any CPU
		{43AD98CF-4220-4A88-953C-D3322B93599B}.Debug|Any CPU.Build.0 = Debug|Any CPU
		{43AD98CF-4220-4A88-953C-D3322B93599B}.Debug|x64.ActiveCfg = Debug|Any CPU
		{43AD98CF-4220-4A88-953C-D3322B93599B}.Debug|x64.Build.0 = Debug|Any CPU
		{43AD98CF-4220-4A88-953C-D3322B93599B}.Debug|x86.ActiveCfg = Debug|Any CPU
		{43AD98CF-4220-4A88-953C-D3322B93599B}.Debug|x86.Build.0 = Debug|Any CPU
		{43AD98CF-4220-4A88-953C-D3322B93599B}.Release|Any CPU.ActiveCfg = Release|Any CPU
		{43AD98CF-4220-4A88-953C-D3322B93599B}.Release|Any CPU.Build.0 = Release|Any CPU
		{43AD98CF-4220-4A88-953C-D3322B93599B}.Release|x64.ActiveCfg = Release|Any CPU
		{43AD98CF-4220-4A88-953C-D3322B93599B}.Release|x64.Build.0 = Release|Any CPU
		{43AD98CF-4220-4A88-953C-D3322B93599B}.Release|x86.ActiveCfg = Release|Any CPU
		{43AD98CF-4220-4A88-953C-D3322B93599B}.Release|x86.Build.0 = Release|Any CPU
		{8C5BB7A4-025C-4CA0-9A94-9DAA5F35443C}.Debug|Any CPU.ActiveCfg = Debug|Any CPU
		{8C5BB7A4-025C-4CA0-9A94-9DAA5F35443C}.Debug|Any CPU.Build.0 = Debug|Any CPU
		{8C5BB7A4-025C-4CA0-9A94-9DAA5F35443C}.Debug|x64.ActiveCfg = Debug|Any CPU
		{8C5BB7A4-025C-4CA0-9A94-9DAA5F35443C}.Debug|x64.Build.0 = Debug|Any CPU
		{8C5BB7A4-025C-4CA0-9A94-9DAA5F35443C}.Debug|x86.ActiveCfg = Debug|Any CPU
		{8C5BB7A4-025C-4CA0-9A94-9DAA5F35443C}.Debug|x86.Build.0 = Debug|Any CPU
		{8C5BB7A4-025C-4CA0-9A94-9DAA5F35443C}.Release|Any CPU.ActiveCfg = Release|Any CPU
		{8C5BB7A4-025C-4CA0-9A94-9DAA5F35443C}.Release|Any CPU.Build.0 = Release|Any CPU
		{8C5BB7A4-025C-4CA0-9A94-9DAA5F35443C}.Release|x64.ActiveCfg = Release|Any CPU
		{8C5BB7A4-025C-4CA0-9A94-9DAA5F35443C}.Release|x64.Build.0 = Release|Any CPU
		{8C5BB7A4-025C-4CA0-9A94-9DAA5F35443C}.Release|x86.ActiveCfg = Release|Any CPU
		{8C5BB7A4-025C-4CA0-9A94-9DAA5F35443C}.Release|x86.Build.0 = Release|Any CPU
		{D4F4EF5F-A760-43CF-BDA2-673266AEA225}.Debug|Any CPU.ActiveCfg = Debug|Any CPU
		{D4F4EF5F-A760-43CF-BDA2-673266AEA225}.Debug|Any CPU.Build.0 = Debug|Any CPU
		{D4F4EF5F-A760-43CF-BDA2-673266AEA225}.Debug|x64.ActiveCfg = Debug|Any CPU
		{D4F4EF5F-A760-43CF-BDA2-673266AEA225}.Debug|x64.Build.0 = Debug|Any CPU
		{D4F4EF5F-A760-43CF-BDA2-673266AEA225}.Debug|x86.ActiveCfg = Debug|Any CPU
		{D4F4EF5F-A760-43CF-BDA2-673266AEA225}.Debug|x86.Build.0 = Debug|Any CPU
		{D4F4EF5F-A760-43CF-BDA2-673266AEA225}.Release|Any CPU.ActiveCfg = Release|Any CPU
		{D4F4EF5F-A760-43CF-BDA2-673266AEA225}.Release|Any CPU.Build.0 = Release|Any CPU
		{D4F4EF5F-A760-43CF-BDA2-673266AEA225}.Release|x64.ActiveCfg = Release|Any CPU
		{D4F4EF5F-A760-43CF-BDA2-673266AEA225}.Release|x64.Build.0 = Release|Any CPU
		{D4F4EF5F-A760-43CF-BDA2-673266AEA225}.Release|x86.ActiveCfg = Release|Any CPU
		{D4F4EF5F-A760-43CF-BDA2-673266AEA225}.Release|x86.Build.0 = Release|Any CPU
		{43CCC8DC-25DF-4D01-83B5-7B4E697CDB8D}.Debug|Any CPU.ActiveCfg = Debug|Any CPU
		{43CCC8DC-25DF-4D01-83B5-7B4E697CDB8D}.Debug|Any CPU.Build.0 = Debug|Any CPU
		{43CCC8DC-25DF-4D01-83B5-7B4E697CDB8D}.Debug|x64.ActiveCfg = Debug|Any CPU
		{43CCC8DC-25DF-4D01-83B5-7B4E697CDB8D}.Debug|x64.Build.0 = Debug|Any CPU
		{43CCC8DC-25DF-4D01-83B5-7B4E697CDB8D}.Debug|x86.ActiveCfg = Debug|Any CPU
		{43CCC8DC-25DF-4D01-83B5-7B4E697CDB8D}.Debug|x86.Build.0 = Debug|Any CPU
		{43CCC8DC-25DF-4D01-83B5-7B4E697CDB8D}.Release|Any CPU.ActiveCfg = Release|Any CPU
		{43CCC8DC-25DF-4D01-83B5-7B4E697CDB8D}.Release|Any CPU.Build.0 = Release|Any CPU
		{43CCC8DC-25DF-4D01-83B5-7B4E697CDB8D}.Release|x64.ActiveCfg = Release|Any CPU
		{43CCC8DC-25DF-4D01-83B5-7B4E697CDB8D}.Release|x64.Build.0 = Release|Any CPU
		{43CCC8DC-25DF-4D01-83B5-7B4E697CDB8D}.Release|x86.ActiveCfg = Release|Any CPU
		{43CCC8DC-25DF-4D01-83B5-7B4E697CDB8D}.Release|x86.Build.0 = Release|Any CPU
		{8F7C3193-EAD6-4FD1-B9DF-07DF19E5A5CD}.Debug|Any CPU.ActiveCfg = Debug|Any CPU
		{8F7C3193-EAD6-4FD1-B9DF-07DF19E5A5CD}.Debug|Any CPU.Build.0 = Debug|Any CPU
		{8F7C3193-EAD6-4FD1-B9DF-07DF19E5A5CD}.Debug|x64.ActiveCfg = Debug|Any CPU
		{8F7C3193-EAD6-4FD1-B9DF-07DF19E5A5CD}.Debug|x64.Build.0 = Debug|Any CPU
		{8F7C3193-EAD6-4FD1-B9DF-07DF19E5A5CD}.Debug|x86.ActiveCfg = Debug|Any CPU
		{8F7C3193-EAD6-4FD1-B9DF-07DF19E5A5CD}.Debug|x86.Build.0 = Debug|Any CPU
		{8F7C3193-EAD6-4FD1-B9DF-07DF19E5A5CD}.Release|Any CPU.ActiveCfg = Release|Any CPU
		{8F7C3193-EAD6-4FD1-B9DF-07DF19E5A5CD}.Release|Any CPU.Build.0 = Release|Any CPU
		{8F7C3193-EAD6-4FD1-B9DF-07DF19E5A5CD}.Release|x64.ActiveCfg = Release|Any CPU
		{8F7C3193-EAD6-4FD1-B9DF-07DF19E5A5CD}.Release|x64.Build.0 = Release|Any CPU
		{8F7C3193-EAD6-4FD1-B9DF-07DF19E5A5CD}.Release|x86.ActiveCfg = Release|Any CPU
		{8F7C3193-EAD6-4FD1-B9DF-07DF19E5A5CD}.Release|x86.Build.0 = Release|Any CPU
		{1FB73BF3-529E-4CC8-A1C7-DA3D422BC656}.Debug|Any CPU.ActiveCfg = Debug|Any CPU
		{1FB73BF3-529E-4CC8-A1C7-DA3D422BC656}.Debug|Any CPU.Build.0 = Debug|Any CPU
		{1FB73BF3-529E-4CC8-A1C7-DA3D422BC656}.Debug|x64.ActiveCfg = Debug|Any CPU
		{1FB73BF3-529E-4CC8-A1C7-DA3D422BC656}.Debug|x64.Build.0 = Debug|Any CPU
		{1FB73BF3-529E-4CC8-A1C7-DA3D422BC656}.Debug|x86.ActiveCfg = Debug|Any CPU
		{1FB73BF3-529E-4CC8-A1C7-DA3D422BC656}.Debug|x86.Build.0 = Debug|Any CPU
		{1FB73BF3-529E-4CC8-A1C7-DA3D422BC656}.Release|Any CPU.ActiveCfg = Release|Any CPU
		{1FB73BF3-529E-4CC8-A1C7-DA3D422BC656}.Release|Any CPU.Build.0 = Release|Any CPU
		{1FB73BF3-529E-4CC8-A1C7-DA3D422BC656}.Release|x64.ActiveCfg = Release|Any CPU
		{1FB73BF3-529E-4CC8-A1C7-DA3D422BC656}.Release|x64.Build.0 = Release|Any CPU
		{1FB73BF3-529E-4CC8-A1C7-DA3D422BC656}.Release|x86.ActiveCfg = Release|Any CPU
		{1FB73BF3-529E-4CC8-A1C7-DA3D422BC656}.Release|x86.Build.0 = Release|Any CPU
		{0BE639A1-6CE1-4BDF-A26B-BEB130F44C11}.Debug|Any CPU.ActiveCfg = Debug|Any CPU
		{0BE639A1-6CE1-4BDF-A26B-BEB130F44C11}.Debug|Any CPU.Build.0 = Debug|Any CPU
		{0BE639A1-6CE1-4BDF-A26B-BEB130F44C11}.Debug|x64.ActiveCfg = Debug|Any CPU
		{0BE639A1-6CE1-4BDF-A26B-BEB130F44C11}.Debug|x64.Build.0 = Debug|Any CPU
		{0BE639A1-6CE1-4BDF-A26B-BEB130F44C11}.Debug|x86.ActiveCfg = Debug|Any CPU
		{0BE639A1-6CE1-4BDF-A26B-BEB130F44C11}.Debug|x86.Build.0 = Debug|Any CPU
		{0BE639A1-6CE1-4BDF-A26B-BEB130F44C11}.Release|Any CPU.ActiveCfg = Release|Any CPU
		{0BE639A1-6CE1-4BDF-A26B-BEB130F44C11}.Release|Any CPU.Build.0 = Release|Any CPU
		{0BE639A1-6CE1-4BDF-A26B-BEB130F44C11}.Release|x64.ActiveCfg = Release|Any CPU
		{0BE639A1-6CE1-4BDF-A26B-BEB130F44C11}.Release|x64.Build.0 = Release|Any CPU
		{0BE639A1-6CE1-4BDF-A26B-BEB130F44C11}.Release|x86.ActiveCfg = Release|Any CPU
		{0BE639A1-6CE1-4BDF-A26B-BEB130F44C11}.Release|x86.Build.0 = Release|Any CPU
	EndGlobalSection
	GlobalSection(SolutionProperties) = preSolution
		HideSolutionNode = FALSE
	EndGlobalSection
	GlobalSection(ExtensibilityGlobals) = postSolution
		SolutionGuid = {25861E73-3101-41F4-B534-22D747720AEE}
	EndGlobalSection
EndGlobal
