
Microsoft Visual Studio Solution File, Format Version 12.00
# Visual Studio 15
VisualStudioVersion = 15.0.27703.2035
MinimumVisualStudioVersion = 10.0.40219.1
Project("{9A19103F-16F7-4668-BE54-9A1E7A4F7556}") = "Paillave.Etl", "Paillave.Etl.Core\Paillave.Etl.csproj", "{EFD00722-BE94-4001-838C-9F54F130B90D}"
EndProject
Project("{9A19103F-16F7-4668-BE54-9A1E7A4F7556}") = "ConsoleApp1", "ConsoleApp1\ConsoleApp1.csproj", "{BCF6B7B4-D8FB-47A5-8AB8-E3C3C467A783}"
EndProject
Project("{9A19103F-16F7-4668-BE54-9A1E7A4F7556}") = "Paillave.RxPush", "Paillave.RxPush\Paillave.RxPush.csproj", "{7833FE6A-34DB-44A4-9ABF-B7C609FFEF98}"
EndProject
Project("{9A19103F-16F7-4668-BE54-9A1E7A4F7556}") = "Paillave.RxPushTests", "Paillave.RxPushTests\Paillave.RxPushTests.csproj", "{22475DD2-F449-4C7D-BD5A-647D0A8B7806}"
EndProject
Global
	GlobalSection(SolutionConfigurationPlatforms) = preSolution
		Debug|Any CPU = Debug|Any CPU
		Release|Any CPU = Release|Any CPU
	EndGlobalSection
	GlobalSection(ProjectConfigurationPlatforms) = postSolution
		{EFD00722-BE94-4001-838C-9F54F130B90D}.Debug|Any CPU.ActiveCfg = Debug|Any CPU
		{EFD00722-BE94-4001-838C-9F54F130B90D}.Debug|Any CPU.Build.0 = Debug|Any CPU
		{EFD00722-BE94-4001-838C-9F54F130B90D}.Release|Any CPU.ActiveCfg = Release|Any CPU
		{EFD00722-BE94-4001-838C-9F54F130B90D}.Release|Any CPU.Build.0 = Release|Any CPU
		{BCF6B7B4-D8FB-47A5-8AB8-E3C3C467A783}.Debug|Any CPU.ActiveCfg = Debug|Any CPU
		{BCF6B7B4-D8FB-47A5-8AB8-E3C3C467A783}.Debug|Any CPU.Build.0 = Debug|Any CPU
		{BCF6B7B4-D8FB-47A5-8AB8-E3C3C467A783}.Release|Any CPU.ActiveCfg = Release|Any CPU
		{BCF6B7B4-D8FB-47A5-8AB8-E3C3C467A783}.Release|Any CPU.Build.0 = Release|Any CPU
		{7833FE6A-34DB-44A4-9ABF-B7C609FFEF98}.Debug|Any CPU.ActiveCfg = Debug|Any CPU
		{7833FE6A-34DB-44A4-9ABF-B7C609FFEF98}.Debug|Any CPU.Build.0 = Debug|Any CPU
		{7833FE6A-34DB-44A4-9ABF-B7C609FFEF98}.Release|Any CPU.ActiveCfg = Release|Any CPU
		{7833FE6A-34DB-44A4-9ABF-B7C609FFEF98}.Release|Any CPU.Build.0 = Release|Any CPU
		{22475DD2-F449-4C7D-BD5A-647D0A8B7806}.Debug|Any CPU.ActiveCfg = Debug|Any CPU
		{22475DD2-F449-4C7D-BD5A-647D0A8B7806}.Debug|Any CPU.Build.0 = Debug|Any CPU
		{22475DD2-F449-4C7D-BD5A-647D0A8B7806}.Release|Any CPU.ActiveCfg = Release|Any CPU
		{22475DD2-F449-4C7D-BD5A-647D0A8B7806}.Release|Any CPU.Build.0 = Release|Any CPU
	EndGlobalSection
	GlobalSection(SolutionProperties) = preSolution
		HideSolutionNode = FALSE
	EndGlobalSection
	GlobalSection(ExtensibilityGlobals) = postSolution
		SolutionGuid = {380A708A-BE28-4FCE-9848-B48E05B98A48}
	EndGlobalSection
EndGlobal
